
Microsoft Visual Studio Solution File, Format Version 12.00
# Visual Studio Version 16
VisualStudioVersion = 16.0.30907.101
MinimumVisualStudioVersion = 10.0.40219.1
Project("{FAE04EC0-301F-11D3-BF4B-00C04F79EFBC}") = "Lab1", "Lab1\Lab1.csproj", "{E0AE1EFC-2643-450C-9781-61E55BF169A0}"
EndProject
Global
	GlobalSection(SolutionConfigurationPlatforms) = preSolution
		Debug|Any CPU = Debug|Any CPU
		Release|Any CPU = Release|Any CPU
	EndGlobalSection
	GlobalSection(ProjectConfigurationPlatforms) = postSolution
		{E0AE1EFC-2643-450C-9781-61E55BF169A0}.Debug|Any CPU.ActiveCfg = Debug|Any CPU
		{E0AE1EFC-2643-450C-9781-61E55BF169A0}.Debug|Any CPU.Build.0 = Debug|Any CPU
		{E0AE1EFC-2643-450C-9781-61E55BF169A0}.Release|Any CPU.ActiveCfg = Release|Any CPU
		{E0AE1EFC-2643-450C-9781-61E55BF169A0}.Release|Any CPU.Build.0 = Release|Any CPU
	EndGlobalSection
	GlobalSection(SolutionProperties) = preSolution
		HideSolutionNode = FALSE
	EndGlobalSection
	GlobalSection(ExtensibilityGlobals) = postSolution
		SolutionGuid = {C5BE665B-6E7A-431B-B16F-8C19BE993220}
	EndGlobalSection
EndGlobal
